
Microsoft Visual Studio Solution File, Format Version 12.00
# Visual Studio 15
VisualStudioVersion = 15.0.26730.16
MinimumVisualStudioVersion = 10.0.40219.1
Project("{FAE04EC0-301F-11D3-BF4B-00C04F79EFBC}") = "AddRegKey", "AddRegKey.csproj", "{15298490-3CA8-4C52-B172-0E7C989F8B76}"
EndProject
Global
	GlobalSection(SolutionConfigurationPlatforms) = preSolution
		Debug|Any CPU = Debug|Any CPU
		Release|Any CPU = Release|Any CPU
	EndGlobalSection
	GlobalSection(ProjectConfigurationPlatforms) = postSolution
		{15298490-3CA8-4C52-B172-0E7C989F8B76}.Debug|Any CPU.ActiveCfg = Debug|Any CPU
		{15298490-3CA8-4C52-B172-0E7C989F8B76}.Debug|Any CPU.Build.0 = Debug|Any CPU
		{15298490-3CA8-4C52-B172-0E7C989F8B76}.Release|Any CPU.ActiveCfg = Release|Any CPU
		{15298490-3CA8-4C52-B172-0E7C989F8B76}.Release|Any CPU.Build.0 = Release|Any CPU
	EndGlobalSection
	GlobalSection(SolutionProperties) = preSolution
		HideSolutionNode = FALSE
	EndGlobalSection
	GlobalSection(ExtensibilityGlobals) = postSolution
		SolutionGuid = {3D5B30F4-1DE1-478F-88C0-A1D606F5FC37}
	EndGlobalSection
EndGlobal
